{
  "name": "akamai",
  "version": "1.0.0",
  "lockfileVersion": 2,
  "requires": true,
  "packages": {
    "": {
      "name": "akamai",
      "version": "1.0.0",
      "license": "ISC",
      "dependencies": {
        "mytls": "^1.0.5",
        "tls": "^0.0.1"
      }
    },
    "node_modules/mytls": {
      "version": "1.0.5",
      "resolved": "https://registry.npmjs.org/mytls/-/mytls-1.0.5.tgz",
      "integrity": "sha512-KMh/hZSbTMuFeMpt8Ad8mEm4/IsfzREDPVVIXbmi0/6qEeTPFqhyaqJ9HkNTuiGSOsz+rimAKA4mqLlTN2cRuQ==",
      "dependencies": {
        "ws": "^7.3.1"
      }
    },
    "node_modules/tls": {
      "version": "0.0.1",
      "resolved": "https://registry.npmjs.org/tls/-/tls-0.0.1.tgz",
      "integrity": "sha1-CrK/WWjXHfL4wOFRXSSiJAuYqsg="
    },
    "node_modules/ws": {
      "version": "7.5.7",
      "resolved": "https://registry.npmjs.org/ws/-/ws-7.5.7.tgz",
      "integrity": "sha512-KMvVuFzpKBuiIXW3E4u3mySRO2/mCHSyZDJQM5NQ9Q9KHWHWh0NHgfbRMLLrceUK5qAL4ytALJbpRMjixFZh8A==",
      "engines": {
        "node": ">=8.3.0"
      },
      "peerDependencies": {
        "bufferutil": "^4.0.1",
        "utf-8-validate": "^5.0.2"
      },
      "peerDependenciesMeta": {
        "bufferutil": {
          "optional": true
        },
        "utf-8-validate": {
          "optional": true
        }
      }
    }
  },
  "dependencies": {
    "mytls": {
      "version": "1.0.5",
      "resolved": "https://registry.npmjs.org/mytls/-/mytls-1.0.5.tgz",
      "integrity": "sha512-KMh/hZSbTMuFeMpt8Ad8mEm4/IsfzREDPVVIXbmi0/6qEeTPFqhyaqJ9HkNTuiGSOsz+rimAKA4mqLlTN2cRuQ==",
      "requires": {
        "ws": "^7.3.1"
      }
    },
    "tls": {
      "version": "0.0.1",
      "resolved": "https://registry.npmjs.org/tls/-/tls-0.0.1.tgz",
      "integrity": "sha1-CrK/WWjXHfL4wOFRXSSiJAuYqsg="
    },
    "ws": {
      "version": "7.5.7",
      "resolved": "https://registry.npmjs.org/ws/-/ws-7.5.7.tgz",
      "integrity": "sha512-KMvVuFzpKBuiIXW3E4u3mySRO2/mCHSyZDJQM5NQ9Q9KHWHWh0NHgfbRMLLrceUK5qAL4ytALJbpRMjixFZh8A==",
      "requires": {}
    }
  }
}
